
Microsoft Visual Studio Solution File, Format Version 12.00
# Visual Studio Version 17
VisualStudioVersion = 17.0.32126.317
MinimumVisualStudioVersion = 10.0.40219.1
Project("{8BC9CEB8-8B4A-11D0-8D11-00A0C91BC942}") = "Point.Audio.Native", "Point.Audio.Native\Point.Audio.Native.vcxproj", "{5F4B1832-5610-4084-8AE7-84F3ADB464D4}"
EndProject
Project("{8BC9CEB8-8B4A-11D0-8D11-00A0C91BC942}") = "Point.Audio.FMOD.Native", "Point.Audio.FMOD.Native\Point.Audio.FMOD.Native.vcxproj", "{62D96973-3397-4175-A23F-03E413570BAE}"
EndProject
Global
	GlobalSection(SolutionConfigurationPlatforms) = preSolution
		Debug|x64 = Debug|x64
		Debug|x86 = Debug|x86
		Release|x64 = Release|x64
		Release|x86 = Release|x86
	EndGlobalSection
	GlobalSection(ProjectConfigurationPlatforms) = postSolution
		{5F4B1832-5610-4084-8AE7-84F3ADB464D4}.Debug|x64.ActiveCfg = Debug|x64
		{5F4B1832-5610-4084-8AE7-84F3ADB464D4}.Debug|x64.Build.0 = Debug|x64
		{5F4B1832-5610-4084-8AE7-84F3ADB464D4}.Debug|x86.ActiveCfg = Debug|Win32
		{5F4B1832-5610-4084-8AE7-84F3ADB464D4}.Debug|x86.Build.0 = Debug|Win32
		{5F4B1832-5610-4084-8AE7-84F3ADB464D4}.Release|x64.ActiveCfg = Release|x64
		{5F4B1832-5610-4084-8AE7-84F3ADB464D4}.Release|x64.Build.0 = Release|x64
		{5F4B1832-5610-4084-8AE7-84F3ADB464D4}.Release|x86.ActiveCfg = Release|Win32
		{5F4B1832-5610-4084-8AE7-84F3ADB464D4}.Release|x86.Build.0 = Release|Win32
		{62D96973-3397-4175-A23F-03E413570BAE}.Debug|x64.ActiveCfg = Debug|x64
		{62D96973-3397-4175-A23F-03E413570BAE}.Debug|x64.Build.0 = Debug|x64
		{62D96973-3397-4175-A23F-03E413570BAE}.Debug|x86.ActiveCfg = Debug|Win32
		{62D96973-3397-4175-A23F-03E413570BAE}.Debug|x86.Build.0 = Debug|Win32
		{62D96973-3397-4175-A23F-03E413570BAE}.Release|x64.ActiveCfg = Release|x64
		{62D96973-3397-4175-A23F-03E413570BAE}.Release|x64.Build.0 = Release|x64
		{62D96973-3397-4175-A23F-03E413570BAE}.Release|x86.ActiveCfg = Release|Win32
		{62D96973-3397-4175-A23F-03E413570BAE}.Release|x86.Build.0 = Release|Win32
	EndGlobalSection
	GlobalSection(SolutionProperties) = preSolution
		HideSolutionNode = FALSE
	EndGlobalSection
	GlobalSection(ExtensibilityGlobals) = postSolution
		SolutionGuid = {6181083D-CC89-4277-BC9D-547BAEA78664}
	EndGlobalSection
EndGlobal
